
Microsoft Visual Studio Solution File, Format Version 12.00
# Visual Studio Version 17
VisualStudioVersion = 17.3.32825.248
MinimumVisualStudioVersion = 10.0.40219.1
Project("{FAE04EC0-301F-11D3-BF4B-00C04F79EFBC}") = "PictureViewerМакарова23ИС", "..\Danielyan\PictureViewerМакарова23ИС\PictureViewerМакарова23ИС.csproj", "{7AA26B68-F268-4C29-82D1-3205E18B5A2F}"
EndProject
Global
	GlobalSection(SolutionConfigurationPlatforms) = preSolution
		Debug|Any CPU = Debug|Any CPU
		Release|Any CPU = Release|Any CPU
	EndGlobalSection
	GlobalSection(ProjectConfigurationPlatforms) = postSolution
		{7AA26B68-F268-4C29-82D1-3205E18B5A2F}.Debug|Any CPU.ActiveCfg = Debug|Any CPU
		{7AA26B68-F268-4C29-82D1-3205E18B5A2F}.Debug|Any CPU.Build.0 = Debug|Any CPU
		{7AA26B68-F268-4C29-82D1-3205E18B5A2F}.Release|Any CPU.ActiveCfg = Release|Any CPU
		{7AA26B68-F268-4C29-82D1-3205E18B5A2F}.Release|Any CPU.Build.0 = Release|Any CPU
	EndGlobalSection
	GlobalSection(SolutionProperties) = preSolution
		HideSolutionNode = FALSE
	EndGlobalSection
	GlobalSection(ExtensibilityGlobals) = postSolution
		SolutionGuid = {02AF69DF-6EB7-46BB-AB97-2563EF25237C}
	EndGlobalSection
EndGlobal
